
Microsoft Visual Studio Solution File, Format Version 12.00
# Visual Studio 15
VisualStudioVersion = 15.0.27428.2037
MinimumVisualStudioVersion = 10.0.40219.1
Project("{FAE04EC0-301F-11D3-BF4B-00C04F79EFBC}") = "KataFindMissingTerm", "KataFindMissingTerm\KataFindMissingTerm.csproj", "{F3FB386F-A6BD-4AAE-A517-81A8E6A86F00}"
EndProject
Project("{FAE04EC0-301F-11D3-BF4B-00C04F79EFBC}") = "KataFindMissingTermTests", "KataFindMissingTermTests\KataFindMissingTermTests.csproj", "{C82B69DF-372C-4A93-AD37-4CCA92AC7064}"
EndProject
Global
	GlobalSection(SolutionConfigurationPlatforms) = preSolution
		Debug|Any CPU = Debug|Any CPU
		Release|Any CPU = Release|Any CPU
	EndGlobalSection
	GlobalSection(ProjectConfigurationPlatforms) = postSolution
		{F3FB386F-A6BD-4AAE-A517-81A8E6A86F00}.Debug|Any CPU.ActiveCfg = Debug|Any CPU
		{F3FB386F-A6BD-4AAE-A517-81A8E6A86F00}.Debug|Any CPU.Build.0 = Debug|Any CPU
		{F3FB386F-A6BD-4AAE-A517-81A8E6A86F00}.Release|Any CPU.ActiveCfg = Release|Any CPU
		{F3FB386F-A6BD-4AAE-A517-81A8E6A86F00}.Release|Any CPU.Build.0 = Release|Any CPU
		{C82B69DF-372C-4A93-AD37-4CCA92AC7064}.Debug|Any CPU.ActiveCfg = Debug|Any CPU
		{C82B69DF-372C-4A93-AD37-4CCA92AC7064}.Debug|Any CPU.Build.0 = Debug|Any CPU
		{C82B69DF-372C-4A93-AD37-4CCA92AC7064}.Release|Any CPU.ActiveCfg = Release|Any CPU
		{C82B69DF-372C-4A93-AD37-4CCA92AC7064}.Release|Any CPU.Build.0 = Release|Any CPU
	EndGlobalSection
	GlobalSection(SolutionProperties) = preSolution
		HideSolutionNode = FALSE
	EndGlobalSection
	GlobalSection(ExtensibilityGlobals) = postSolution
		SolutionGuid = {6363327E-1094-497B-957F-1636B44F56E2}
	EndGlobalSection
EndGlobal
